// !$*UTF8*$!
{
	archiveVersion = 1;
	classes = {
	};
	objectVersion = 77;
	objects = {

/* Begin PBXContainerItemProxy section */
		2F3BB3862D9447D7008CCE01 /* PBXContainerItemProxy */ = {
			isa = PBXContainerItemProxy;
			containerPortal = 2F3BB36D2D9447D4008CCE01 /* Project object */;
			proxyType = 1;
			remoteGlobalIDString = 2F3BB3742D9447D4008CCE01;
			remoteInfo = ToastMessageSwiftUI;
		};
		2F3BB3902D9447D7008CCE01 /* PBXContainerItemProxy */ = {
			isa = PBXContainerItemProxy;
			containerPortal = 2F3BB36D2D9447D4008CCE01 /* Project object */;
			proxyType = 1;
			remoteGlobalIDString = 2F3BB3742D9447D4008CCE01;
			remoteInfo = ToastMessageSwiftUI;
		};
/* End PBXContainerItemProxy section */

/* Begin PBXFileReference section */
		2F3BB3752D9447D4008CCE01 /* ToastMessageSwiftUI.app */ = {isa = PBXFileReference; explicitFileType = wrapper.application; includeInIndex = 0; path = ToastMessageSwiftUI.app; sourceTree = BUILT_PRODUCTS_DIR; };
		2F3BB3852D9447D7008CCE01 /* ToastMessageSwiftUITests.xctest */ = {isa = PBXFileReference; explicitFileType = wrapper.cfbundle; includeInIndex = 0; path = ToastMessageSwiftUITests.xctest; sourceTree = BUILT_PRODUCTS_DIR; };
		2F3BB38F2D9447D7008CCE01 /* ToastMessageSwiftUIUITests.xctest */ = {isa = PBXFileReference; explicitFileType = wrapper.cfbundle; includeInIndex = 0; path = ToastMessageSwiftUIUITests.xctest; sourceTree = BUILT_PRODUCTS_DIR; };
/* End PBXFileReference section */

/* Begin PBXFileSystemSynchronizedRootGroup section */
		2F3BB3772D9447D4008CCE01 /* ToastMessageSwiftUI */ = {
			isa = PBXFileSystemSynchronizedRootGroup;
			path = ToastMessageSwiftUI;
			sourceTree = "<group>";
		};
		2F3BB3882D9447D7008CCE01 /* ToastMessageSwiftUITests */ = {
			isa = PBXFileSystemSynchronizedRootGroup;
			path = ToastMessageSwiftUITests;
			sourceTree = "<group>";
		};
		2F3BB3922D9447D7008CCE01 /* ToastMessageSwiftUIUITests */ = {
			isa = PBXFileSystemSynchronizedRootGroup;
			path = ToastMessageSwiftUIUITests;
			sourceTree = "<group>";
		};
/* End PBXFileSystemSynchronizedRootGroup section */

/* Begin PBXFrameworksBuildPhase section */
		2F3BB3722D9447D4008CCE01 /* Frameworks */ = {
			isa = PBXFrameworksBuildPhase;
			buildActionMask = 2147483647;
			files = (
			);
			runOnlyForDeploymentPostprocessing = 0;
		};
		2F3BB3822D9447D7008CCE01 /* Frameworks */ = {
			isa = PBXFrameworksBuildPhase;
			buildActionMask = 2147483647;
			files = (
			);
			runOnlyForDeploymentPostprocessing = 0;
		};
		2F3BB38C2D9447D7008CCE01 /* Frameworks */ = {
			isa = PBXFrameworksBuildPhase;
			buildActionMask = 2147483647;
			files = (
			);
			runOnlyForDeploymentPostprocessing = 0;
		};
/* End PBXFrameworksBuildPhase section */

/* Begin PBXGroup section */
		2F3BB36C2D9447D4008CCE01 = {
			isa = PBXGroup;
			children = (
				2F3BB3772D9447D4008CCE01 /* ToastMessageSwiftUI */,
				2F3BB3882D9447D7008CCE01 /* ToastMessageSwiftUITests */,
				2F3BB3922D9447D7008CCE01 /* ToastMessageSwiftUIUITests */,
				2F3BB3762D9447D4008CCE01 /* Products */,
			);
			sourceTree = "<group>";
		};
		2F3BB3762D9447D4008CCE01 /* Products */ = {
			isa = PBXGroup;
			children = (
				2F3BB3752D9447D4008CCE01 /* ToastMessageSwiftUI.app */,
				2F3BB3852D9447D7008CCE01 /* ToastMessageSwiftUITests.xctest */,
				2F3BB38F2D9447D7008CCE01 /* ToastMessageSwiftUIUITests.xctest */,
			);
			name = Products;
			sourceTree = "<group>";
		};
/* End PBXGroup section */

/* Begin PBXNativeTarget section */
		2F3BB3742D9447D4008CCE01 /* ToastMessageSwiftUI */ = {
			isa = PBXNativeTarget;
			buildConfigurationList = 2F3BB3992D9447D7008CCE01 /* Build configuration list for PBXNativeTarget "ToastMessageSwiftUI" */;
			buildPhases = (
				2F3BB3712D9447D4008CCE01 /* Sources */,
				2F3BB3722D9447D4008CCE01 /* Frameworks */,
				2F3BB3732D9447D4008CCE01 /* Resources */,
			);
			buildRules = (
			);
			dependencies = (
			);
			fileSystemSynchronizedGroups = (
				2F3BB3772D9447D4008CCE01 /* ToastMessageSwiftUI */,
			);
			name = ToastMessageSwiftUI;
			packageProductDependencies = (
			);
			productName = ToastMessageSwiftUI;
			productReference = 2F3BB3752D9447D4008CCE01 /* ToastMessageSwiftUI.app */;
			productType = "com.apple.product-type.application";
		};
		2F3BB3842D9447D7008CCE01 /* ToastMessageSwiftUITests */ = {
			isa = PBXNativeTarget;
			buildConfigurationList = 2F3BB39C2D9447D7008CCE01 /* Build configuration list for PBXNativeTarget "ToastMessageSwiftUITests" */;
			buildPhases = (
				2F3BB3812D9447D7008CCE01 /* Sources */,
				2F3BB3822D9447D7008CCE01 /* Frameworks */,
				2F3BB3832D9447D7008CCE01 /* Resources */,
			);
			buildRules = (
			);
			dependencies = (
				2F3BB3872D9447D7008CCE01 /* PBXTargetDependency */,
			);
			fileSystemSynchronizedGroups = (
				2F3BB3882D9447D7008CCE01 /* ToastMessageSwiftUITests */,
			);
			name = ToastMessageSwiftUITests;
			packageProductDependencies = (
			);
			productName = ToastMessageSwiftUITests;
			productReference = 2F3BB3852D9447D7008CCE01 /* ToastMessageSwiftUITests.xctest */;
			productType = "com.apple.product-type.bundle.unit-test";
		};
		2F3BB38E2D9447D7008CCE01 /* ToastMessageSwiftUIUITests */ = {
			isa = PBXNativeTarget;
			buildConfigurationList = 2F3BB39F2D9447D7008CCE01 /* Build configuration list for PBXNativeTarget "ToastMessageSwiftUIUITests" */;
			buildPhases = (
				2F3BB38B2D9447D7008CCE01 /* Sources */,
				2F3BB38C2D9447D7008CCE01 /* Frameworks */,
				2F3BB38D2D9447D7008CCE01 /* Resources */,
			);
			buildRules = (
			);
			dependencies = (
				2F3BB3912D9447D7008CCE01 /* PBXTargetDependency */,
			);
			fileSystemSynchronizedGroups = (
				2F3BB3922D9447D7008CCE01 /* ToastMessageSwiftUIUITests */,
			);
			name = ToastMessageSwiftUIUITests;
			packageProductDependencies = (
			);
			productName = ToastMessageSwiftUIUITests;
			productReference = 2F3BB38F2D9447D7008CCE01 /* ToastMessageSwiftUIUITests.xctest */;
			productType = "com.apple.product-type.bundle.ui-testing";
		};
/* End PBXNativeTarget section */

/* Begin PBXProject section */
		2F3BB36D2D9447D4008CCE01 /* Project object */ = {
			isa = PBXProject;
			attributes = {
				BuildIndependentTargetsInParallel = 1;
				LastSwiftUpdateCheck = 1620;
				LastUpgradeCheck = 1620;
				TargetAttributes = {
					2F3BB3742D9447D4008CCE01 = {
						CreatedOnToolsVersion = 16.2;
					};
					2F3BB3842D9447D7008CCE01 = {
						CreatedOnToolsVersion = 16.2;
						TestTargetID = 2F3BB3742D9447D4008CCE01;
					};
					2F3BB38E2D9447D7008CCE01 = {
						CreatedOnToolsVersion = 16.2;
						TestTargetID = 2F3BB3742D9447D4008CCE01;
					};
				};
			};
			buildConfigurationList = 2F3BB3702D9447D4008CCE01 /* Build configuration list for PBXProject "ToastMessageSwiftUI" */;
			developmentRegion = en;
			hasScannedForEncodings = 0;
			knownRegions = (
				en,
				Base,
			);
			mainGroup = 2F3BB36C2D9447D4008CCE01;
			minimizedProjectReferenceProxies = 1;
			preferredProjectObjectVersion = 77;
			productRefGroup = 2F3BB3762D9447D4008CCE01 /* Products */;
			projectDirPath = "";
			projectRoot = "";
			targets = (
				2F3BB3742D9447D4008CCE01 /* ToastMessageSwiftUI */,
				2F3BB3842D9447D7008CCE01 /* ToastMessageSwiftUITests */,
				2F3BB38E2D9447D7008CCE01 /* ToastMessageSwiftUIUITests */,
			);
		};
/* End PBXProject section */

/* Begin PBXResourcesBuildPhase section */
		2F3BB3732D9447D4008CCE01 /* Resources */ = {
			isa = PBXResourcesBuildPhase;
			buildActionMask = 2147483647;
			files = (
			);
			runOnlyForDeploymentPostprocessing = 0;
		};
		2F3BB3832D9447D7008CCE01 /* Resources */ = {
			isa = PBXResourcesBuildPhase;
			buildActionMask = 2147483647;
			files = (
			);
			runOnlyForDeploymentPostprocessing = 0;
		};
		2F3BB38D2D9447D7008CCE01 /* Resources */ = {
			isa = PBXResourcesBuildPhase;
			buildActionMask = 2147483647;
			files = (
			);
			runOnlyForDeploymentPostprocessing = 0;
		};
/* End PBXResourcesBuildPhase section */

/* Begin PBXSourcesBuildPhase section */
		2F3BB3712D9447D4008CCE01 /* Sources */ = {
			isa = PBXSourcesBuildPhase;
			buildActionMask = 2147483647;
			files = (
			);
			runOnlyForDeploymentPostprocessing = 0;
		};
		2F3BB3812D9447D7008CCE01 /* Sources */ = {
			isa = PBXSourcesBuildPhase;
			buildActionMask = 2147483647;
			files = (
			);
			runOnlyForDeploymentPostprocessing = 0;
		};
		2F3BB38B2D9447D7008CCE01 /* Sources */ = {
			isa = PBXSourcesBuildPhase;
			buildActionMask = 2147483647;
			files = (
			);
			runOnlyForDeploymentPostprocessing = 0;
		};
/* End PBXSourcesBuildPhase section */

/* Begin PBXTargetDependency section */
		2F3BB3872D9447D7008CCE01 /* PBXTargetDependency */ = {
			isa = PBXTargetDependency;
			target = 2F3BB3742D9447D4008CCE01 /* ToastMessageSwiftUI */;
			targetProxy = 2F3BB3862D9447D7008CCE01 /* PBXContainerItemProxy */;
		};
		2F3BB3912D9447D7008CCE01 /* PBXTargetDependency */ = {
			isa = PBXTargetDependency;
			target = 2F3BB3742D9447D4008CCE01 /* ToastMessageSwiftUI */;
			targetProxy = 2F3BB3902D9447D7008CCE01 /* PBXContainerItemProxy */;
		};
/* End PBXTargetDependency section */

/* Begin XCBuildConfiguration section */
		2F3BB3972D9447D7008CCE01 /* Debug */ = {
			isa = XCBuildConfiguration;
			buildSettings = {
				ALWAYS_SEARCH_USER_PATHS = NO;
				ASSETCATALOG_COMPILER_GENERATE_SWIFT_ASSET_SYMBOL_EXTENSIONS = YES;
				CLANG_ANALYZER_NONNULL = YES;
				CLANG_ANALYZER_NUMBER_OBJECT_CONVERSION = YES_AGGRESSIVE;
				CLANG_CXX_LANGUAGE_STANDARD = "gnu++20";
				CLANG_ENABLE_MODULES = YES;
				CLANG_ENABLE_OBJC_ARC = YES;
				CLANG_ENABLE_OBJC_WEAK = YES;
				CLANG_WARN_BLOCK_CAPTURE_AUTORELEASING = YES;
				CLANG_WARN_BOOL_CONVERSION = YES;
				CLANG_WARN_COMMA = YES;
				CLANG_WARN_CONSTANT_CONVERSION = YES;
				CLANG_WARN_DEPRECATED_OBJC_IMPLEMENTATIONS = YES;
				CLANG_WARN_DIRECT_OBJC_ISA_USAGE = YES_ERROR;
				CLANG_WARN_DOCUMENTATION_COMMENTS = YES;
				CLANG_WARN_EMPTY_BODY = YES;
				CLANG_WARN_ENUM_CONVERSION = YES;
				CLANG_WARN_INFINITE_RECURSION = YES;
				CLANG_WARN_INT_CONVERSION = YES;
				CLANG_WARN_NON_LITERAL_NULL_CONVERSION = YES;
				CLANG_WARN_OBJC_IMPLICIT_RETAIN_SELF = YES;
				CLANG_WARN_OBJC_LITERAL_CONVERSION = YES;
				CLANG_WARN_OBJC_ROOT_CLASS = YES_ERROR;
				CLANG_WARN_QUOTED_INCLUDE_IN_FRAMEWORK_HEADER = YES;
				CLANG_WARN_RANGE_LOOP_ANALYSIS = YES;
				CLANG_WARN_STRICT_PROTOTYPES = YES;
				CLANG_WARN_SUSPICIOUS_MOVE = YES;
				CLANG_WARN_UNGUARDED_AVAILABILITY = YES_AGGRESSIVE;
				CLANG_WARN_UNREACHABLE_CODE = YES;
				CLANG_WARN__DUPLICATE_METHOD_MATCH = YES;
				COPY_PHASE_STRIP = NO;
				DEBUG_INFORMATION_FORMAT = dwarf;
				ENABLE_STRICT_OBJC_MSGSEND = YES;
				ENABLE_TESTABILITY = YES;
				ENABLE_USER_SCRIPT_SANDBOXING = YES;
				GCC_C_LANGUAGE_STANDARD = gnu17;
				GCC_DYNAMIC_NO_PIC = NO;
				GCC_NO_COMMON_BLOCKS = YES;
				GCC_OPTIMIZATION_LEVEL = 0;
				GCC_PREPROCESSOR_DEFINITIONS = (
					"DEBUG=1",
					"$(inherited)",
				);
				GCC_WARN_64_TO_32_BIT_CONVERSION = YES;
				GCC_WARN_ABOUT_RETURN_TYPE = YES_ERROR;
				GCC_WARN_UNDECLARED_SELECTOR = YES;
				GCC_WARN_UNINITIALIZED_AUTOS = YES_AGGRESSIVE;
				GCC_WARN_UNUSED_FUNCTION = YES;
				GCC_WARN_UNUSED_VARIABLE = YES;
				IPHONEOS_DEPLOYMENT_TARGET = 18.2;
				LOCALIZATION_PREFERS_STRING_CATALOGS = YES;
				MTL_ENABLE_DEBUG_INFO = INCLUDE_SOURCE;
				MTL_FAST_MATH = YES;
				ONLY_ACTIVE_ARCH = YES;
				SDKROOT = iphoneos;
				SWIFT_ACTIVE_COMPILATION_CONDITIONS = "DEBUG $(inherited)";
				SWIFT_OPTIMIZATION_LEVEL = "-Onone";
			};
			name = Debug;
		};
		2F3BB3982D9447D7008CCE01 /* Release */ = {
			isa = XCBuildConfiguration;
			buildSettings = {
				ALWAYS_SEARCH_USER_PATHS = NO;
				ASSETCATALOG_COMPILER_GENERATE_SWIFT_ASSET_SYMBOL_EXTENSIONS = YES;
				CLANG_ANALYZER_NONNULL = YES;
				CLANG_ANALYZER_NUMBER_OBJECT_CONVERSION = YES_AGGRESSIVE;
				CLANG_CXX_LANGUAGE_STANDARD = "gnu++20";
				CLANG_ENABLE_MODULES = YES;
				CLANG_ENABLE_OBJC_ARC = YES;
				CLANG_ENABLE_OBJC_WEAK = YES;
				CLANG_WARN_BLOCK_CAPTURE_AUTORELEASING = YES;
				CLANG_WARN_BOOL_CONVERSION = YES;
				CLANG_WARN_COMMA = YES;
				CLANG_WARN_CONSTANT_CONVERSION = YES;
				CLANG_WARN_DEPRECATED_OBJC_IMPLEMENTATIONS = YES;
				CLANG_WARN_DIRECT_OBJC_ISA_USAGE = YES_ERROR;
				CLANG_WARN_DOCUMENTATION_COMMENTS = YES;
				CLANG_WARN_EMPTY_BODY = YES;
				CLANG_WARN_ENUM_CONVERSION = YES;
				CLANG_WARN_INFINITE_RECURSION = YES;
				CLANG_WARN_INT_CONVERSION = YES;
				CLANG_WARN_NON_LITERAL_NULL_CONVERSION = YES;
				CLANG_WARN_OBJC_IMPLICIT_RETAIN_SELF = YES;
				CLANG_WARN_OBJC_LITERAL_CONVERSION = YES;
				CLANG_WARN_OBJC_ROOT_CLASS = YES_ERROR;
				CLANG_WARN_QUOTED_INCLUDE_IN_FRAMEWORK_HEADER = YES;
				CLANG_WARN_RANGE_LOOP_ANALYSIS = YES;
				CLANG_WARN_STRICT_PROTOTYPES = YES;
				CLANG_WARN_SUSPICIOUS_MOVE = YES;
				CLANG_WARN_UNGUARDED_AVAILABILITY = YES_AGGRESSIVE;
				CLANG_WARN_UNREACHABLE_CODE = YES;
				CLANG_WARN__DUPLICATE_METHOD_MATCH = YES;
				COPY_PHASE_STRIP = NO;
				DEBUG_INFORMATION_FORMAT = "dwarf-with-dsym";
				ENABLE_NS_ASSERTIONS = NO;
				ENABLE_STRICT_OBJC_MSGSEND = YES;
				ENABLE_USER_SCRIPT_SANDBOXING = YES;
				GCC_C_LANGUAGE_STANDARD = gnu17;
				GCC_NO_COMMON_BLOCKS = YES;
				GCC_WARN_64_TO_32_BIT_CONVERSION = YES;
				GCC_WARN_ABOUT_RETURN_TYPE = YES_ERROR;
				GCC_WARN_UNDECLARED_SELECTOR = YES;
				GCC_WARN_UNINITIALIZED_AUTOS = YES_AGGRESSIVE;
				GCC_WARN_UNUSED_FUNCTION = YES;
				GCC_WARN_UNUSED_VARIABLE = YES;
				IPHONEOS_DEPLOYMENT_TARGET = 18.2;
				LOCALIZATION_PREFERS_STRING_CATALOGS = YES;
				MTL_ENABLE_DEBUG_INFO = NO;
				MTL_FAST_MATH = YES;
				SDKROOT = iphoneos;
				SWIFT_COMPILATION_MODE = wholemodule;
				VALIDATE_PRODUCT = YES;
			};
			name = Release;
		};
		2F3BB39A2D9447D7008CCE01 /* Debug */ = {
			isa = XCBuildConfiguration;
			buildSettings = {
				ASSETCATALOG_COMPILER_APPICON_NAME = AppIcon;
				ASSETCATALOG_COMPILER_GLOBAL_ACCENT_COLOR_NAME = AccentColor;
				CODE_SIGN_STYLE = Automatic;
				CURRENT_PROJECT_VERSION = 1;
				DEVELOPMENT_ASSET_PATHS = "\"ToastMessageSwiftUI/Preview Content\"";
				ENABLE_PREVIEWS = YES;
				GENERATE_INFOPLIST_FILE = YES;
				INFOPLIST_KEY_UIApplicationSceneManifest_Generation = YES;
				INFOPLIST_KEY_UIApplicationSupportsIndirectInputEvents = YES;
				INFOPLIST_KEY_UILaunchScreen_Generation = YES;
				INFOPLIST_KEY_UISupportedInterfaceOrientations_iPad = "UIInterfaceOrientationPortrait UIInterfaceOrientationPortraitUpsideDown UIInterfaceOrientationLandscapeLeft UIInterfaceOrientationLandscapeRight";
				INFOPLIST_KEY_UISupportedInterfaceOrientations_iPhone = "UIInterfaceOrientationPortrait UIInterfaceOrientationLandscapeLeft UIInterfaceOrientationLandscapeRight";
				LD_RUNPATH_SEARCH_PATHS = (
					"$(inherited)",
					"@executable_path/Frameworks",
				);
				MARKETING_VERSION = 1.0;
				PRODUCT_BUNDLE_IDENTIFIER = nimishmothghare.ToastMessageSwiftUI;
				PRODUCT_NAME = "$(TARGET_NAME)";
				SWIFT_EMIT_LOC_STRINGS = YES;
				SWIFT_VERSION = 5.0;
				TARGETED_DEVICE_FAMILY = "1,2";
			};
			name = Debug;
		};
		2F3BB39B2D9447D7008CCE01 /* Release */ = {
			isa = XCBuildConfiguration;
			buildSettings = {
				ASSETCATALOG_COMPILER_APPICON_NAME = AppIcon;
				ASSETCATALOG_COMPILER_GLOBAL_ACCENT_COLOR_NAME = AccentColor;
				CODE_SIGN_STYLE = Automatic;
				CURRENT_PROJECT_VERSION = 1;
				DEVELOPMENT_ASSET_PATHS = "\"ToastMessageSwiftUI/Preview Content\"";
				ENABLE_PREVIEWS = YES;
				GENERATE_INFOPLIST_FILE = YES;
				INFOPLIST_KEY_UIApplicationSceneManifest_Generation = YES;
				INFOPLIST_KEY_UIApplicationSupportsIndirectInputEvents = YES;
				INFOPLIST_KEY_UILaunchScreen_Generation = YES;
				INFOPLIST_KEY_UISupportedInterfaceOrientations_iPad = "UIInterfaceOrientationPortrait UIInterfaceOrientationPortraitUpsideDown UIInterfaceOrientationLandscapeLeft UIInterfaceOrientationLandscapeRight";
				INFOPLIST_KEY_UISupportedInterfaceOrientations_iPhone = "UIInterfaceOrientationPortrait UIInterfaceOrientationLandscapeLeft UIInterfaceOrientationLandscapeRight";
				LD_RUNPATH_SEARCH_PATHS = (
					"$(inherited)",
					"@executable_path/Frameworks",
				);
				MARKETING_VERSION = 1.0;
				PRODUCT_BUNDLE_IDENTIFIER = nimishmothghare.ToastMessageSwiftUI;
				PRODUCT_NAME = "$(TARGET_NAME)";
				SWIFT_EMIT_LOC_STRINGS = YES;
				SWIFT_VERSION = 5.0;
				TARGETED_DEVICE_FAMILY = "1,2";
			};
			name = Release;
		};
		2F3BB39D2D9447D7008CCE01 /* Debug */ = {
			isa = XCBuildConfiguration;
			buildSettings = {
				BUNDLE_LOADER = "$(TEST_HOST)";
				CODE_SIGN_STYLE = Automatic;
				CURRENT_PROJECT_VERSION = 1;
				GENERATE_INFOPLIST_FILE = YES;
				IPHONEOS_DEPLOYMENT_TARGET = 18.2;
				MARKETING_VERSION = 1.0;
				PRODUCT_BUNDLE_IDENTIFIER = nimishmothghare.ToastMessageSwiftUITests;
				PRODUCT_NAME = "$(TARGET_NAME)";
				SWIFT_EMIT_LOC_STRINGS = NO;
				SWIFT_VERSION = 5.0;
				TARGETED_DEVICE_FAMILY = "1,2";
				TEST_HOST = "$(BUILT_PRODUCTS_DIR)/ToastMessageSwiftUI.app/$(BUNDLE_EXECUTABLE_FOLDER_PATH)/ToastMessageSwiftUI";
			};
			name = Debug;
		};
		2F3BB39E2D9447D7008CCE01 /* Release */ = {
			isa = XCBuildConfiguration;
			buildSettings = {
				BUNDLE_LOADER = "$(TEST_HOST)";
				CODE_SIGN_STYLE = Automatic;
				CURRENT_PROJECT_VERSION = 1;
				GENERATE_INFOPLIST_FILE = YES;
				IPHONEOS_DEPLOYMENT_TARGET = 18.2;
				MARKETING_VERSION = 1.0;
				PRODUCT_BUNDLE_IDENTIFIER = nimishmothghare.ToastMessageSwiftUITests;
				PRODUCT_NAME = "$(TARGET_NAME)";
				SWIFT_EMIT_LOC_STRINGS = NO;
				SWIFT_VERSION = 5.0;
				TARGETED_DEVICE_FAMILY = "1,2";
				TEST_HOST = "$(BUILT_PRODUCTS_DIR)/ToastMessageSwiftUI.app/$(BUNDLE_EXECUTABLE_FOLDER_PATH)/ToastMessageSwiftUI";
			};
			name = Release;
		};
		2F3BB3A02D9447D7008CCE01 /* Debug */ = {
			isa = XCBuildConfiguration;
			buildSettings = {
				CODE_SIGN_STYLE = Automatic;
				CURRENT_PROJECT_VERSION = 1;
				GENERATE_INFOPLIST_FILE = YES;
				MARKETING_VERSION = 1.0;
				PRODUCT_BUNDLE_IDENTIFIER = nimishmothghare.ToastMessageSwiftUIUITests;
				PRODUCT_NAME = "$(TARGET_NAME)";
				SWIFT_EMIT_LOC_STRINGS = NO;
				SWIFT_VERSION = 5.0;
				TARGETED_DEVICE_FAMILY = "1,2";
				TEST_TARGET_NAME = ToastMessageSwiftUI;
			};
			name = Debug;
		};
		2F3BB3A12D9447D7008CCE01 /* Release */ = {
			isa = XCBuildConfiguration;
			buildSettings = {
				CODE_SIGN_STYLE = Automatic;
				CURRENT_PROJECT_VERSION = 1;
				GENERATE_INFOPLIST_FILE = YES;
				MARKETING_VERSION = 1.0;
				PRODUCT_BUNDLE_IDENTIFIER = nimishmothghare.ToastMessageSwiftUIUITests;
				PRODUCT_NAME = "$(TARGET_NAME)";
				SWIFT_EMIT_LOC_STRINGS = NO;
				SWIFT_VERSION = 5.0;
				TARGETED_DEVICE_FAMILY = "1,2";
				TEST_TARGET_NAME = ToastMessageSwiftUI;
			};
			name = Release;
		};
/* End XCBuildConfiguration section */

/* Begin XCConfigurationList section */
		2F3BB3702D9447D4008CCE01 /* Build configuration list for PBXProject "ToastMessageSwiftUI" */ = {
			isa = XCConfigurationList;
			buildConfigurations = (
				2F3BB3972D9447D7008CCE01 /* Debug */,
				2F3BB3982D9447D7008CCE01 /* Release */,
			);
			defaultConfigurationIsVisible = 0;
			defaultConfigurationName = Release;
		};
		2F3BB3992D9447D7008CCE01 /* Build configuration list for PBXNativeTarget "ToastMessageSwiftUI" */ = {
			isa = XCConfigurationList;
			buildConfigurations = (
				2F3BB39A2D9447D7008CCE01 /* Debug */,
				2F3BB39B2D9447D7008CCE01 /* Release */,
			);
			defaultConfigurationIsVisible = 0;
			defaultConfigurationName = Release;
		};
		2F3BB39C2D9447D7008CCE01 /* Build configuration list for PBXNativeTarget "ToastMessageSwiftUITests" */ = {
			isa = XCConfigurationList;
			buildConfigurations = (
				2F3BB39D2D9447D7008CCE01 /* Debug */,
				2F3BB39E2D9447D7008CCE01 /* Release */,
			);
			defaultConfigurationIsVisible = 0;
			defaultConfigurationName = Release;
		};
		2F3BB39F2D9447D7008CCE01 /* Build configuration list for PBXNativeTarget "ToastMessageSwiftUIUITests" */ = {
			isa = XCConfigurationList;
			buildConfigurations = (
				2F3BB3A02D9447D7008CCE01 /* Debug */,
				2F3BB3A12D9447D7008CCE01 /* Release */,
			);
			defaultConfigurationIsVisible = 0;
			defaultConfigurationName = Release;
		};
/* End XCConfigurationList section */
	};
	rootObject = 2F3BB36D2D9447D4008CCE01 /* Project object */;
}
